
Microsoft Visual Studio Solution File, Format Version 12.00
# Blend for Visual Studio Version 17
VisualStudioVersion = 17.0.31912.275
MinimumVisualStudioVersion = 10.0.40219.1
Project("{9A19103F-16F7-4668-BE54-9A1E7A4F7556}") = "FinancistoReports", "src\FinancistoReports.csproj", "{F31A7074-4B8A-4BC4-AAB4-B86482E408D0}"
EndProject
Global
	GlobalSection(SolutionConfigurationPlatforms) = preSolution
		Debug|Any CPU = Debug|Any CPU
		Release|Any CPU = Release|Any CPU
	EndGlobalSection
	GlobalSection(ProjectConfigurationPlatforms) = postSolution
		{F31A7074-4B8A-4BC4-AAB4-B86482E408D0}.Debug|Any CPU.ActiveCfg = Debug|Any CPU
		{F31A7074-4B8A-4BC4-AAB4-B86482E408D0}.Debug|Any CPU.Build.0 = Debug|Any CPU
		{F31A7074-4B8A-4BC4-AAB4-B86482E408D0}.Release|Any CPU.ActiveCfg = Release|Any CPU
		{F31A7074-4B8A-4BC4-AAB4-B86482E408D0}.Release|Any CPU.Build.0 = Release|Any CPU
	EndGlobalSection
	GlobalSection(SolutionProperties) = preSolution
		HideSolutionNode = FALSE
	EndGlobalSection
	GlobalSection(ExtensibilityGlobals) = postSolution
		SolutionGuid = {15E0E68C-1B6E-4115-B903-A9FA29A3691F}
	EndGlobalSection
EndGlobal
